
Microsoft Visual Studio Solution File, Format Version 12.00
# Visual Studio Version 16
VisualStudioVersion = 16.0.31229.75
MinimumVisualStudioVersion = 10.0.40219.1
Project("{8BC9CEB8-8B4A-11D0-8D11-00A0C91BC942}") = "SK-Lib-clocale-or-locale.h-setlocale-Bagian2__CPP", "SK-Lib-clocale-or-locale.h-setlocale-Bagian2__CPP\SK-Lib-clocale-or-locale.h-setlocale-Bagian2__CPP.vcxproj", "{F58198D8-CE4A-42A1-8EF3-38EF5625A118}"
EndProject
Global
	GlobalSection(SolutionConfigurationPlatforms) = preSolution
		Debug|x64 = Debug|x64
		Debug|x86 = Debug|x86
		Release|x64 = Release|x64
		Release|x86 = Release|x86
	EndGlobalSection
	GlobalSection(ProjectConfigurationPlatforms) = postSolution
		{F58198D8-CE4A-42A1-8EF3-38EF5625A118}.Debug|x64.ActiveCfg = Debug|x64
		{F58198D8-CE4A-42A1-8EF3-38EF5625A118}.Debug|x64.Build.0 = Debug|x64
		{F58198D8-CE4A-42A1-8EF3-38EF5625A118}.Debug|x86.ActiveCfg = Debug|Win32
		{F58198D8-CE4A-42A1-8EF3-38EF5625A118}.Debug|x86.Build.0 = Debug|Win32
		{F58198D8-CE4A-42A1-8EF3-38EF5625A118}.Release|x64.ActiveCfg = Release|x64
		{F58198D8-CE4A-42A1-8EF3-38EF5625A118}.Release|x64.Build.0 = Release|x64
		{F58198D8-CE4A-42A1-8EF3-38EF5625A118}.Release|x86.ActiveCfg = Release|Win32
		{F58198D8-CE4A-42A1-8EF3-38EF5625A118}.Release|x86.Build.0 = Release|Win32
	EndGlobalSection
	GlobalSection(SolutionProperties) = preSolution
		HideSolutionNode = FALSE
	EndGlobalSection
	GlobalSection(ExtensibilityGlobals) = postSolution
		SolutionGuid = {620D3AFE-29FE-472C-B263-F809BB966C20}
	EndGlobalSection
EndGlobal
